
Microsoft Visual Studio Solution File, Format Version 12.00
# Visual Studio Version 16
VisualStudioVersion = 16.0.32228.343
MinimumVisualStudioVersion = 10.0.40219.1
Project("{FAE04EC0-301F-11D3-BF4B-00C04F79EFBC}") = "Entidades", "Entidades\Entidades.csproj", "{9FB6B724-288D-4882-97DA-3E0714472D22}"
EndProject
Project("{FAE04EC0-301F-11D3-BF4B-00C04F79EFBC}") = "MiCalculadora", "MiCalculadora\MiCalculadora.csproj", "{718A41C5-42E8-4E73-9FFB-F8A6A178B724}"
EndProject
Global
	GlobalSection(SolutionConfigurationPlatforms) = preSolution
		Debug|Any CPU = Debug|Any CPU
		Release|Any CPU = Release|Any CPU
	EndGlobalSection
	GlobalSection(ProjectConfigurationPlatforms) = postSolution
		{9FB6B724-288D-4882-97DA-3E0714472D22}.Debug|Any CPU.ActiveCfg = Debug|Any CPU
		{9FB6B724-288D-4882-97DA-3E0714472D22}.Debug|Any CPU.Build.0 = Debug|Any CPU
		{9FB6B724-288D-4882-97DA-3E0714472D22}.Release|Any CPU.ActiveCfg = Release|Any CPU
		{9FB6B724-288D-4882-97DA-3E0714472D22}.Release|Any CPU.Build.0 = Release|Any CPU
		{718A41C5-42E8-4E73-9FFB-F8A6A178B724}.Debug|Any CPU.ActiveCfg = Debug|Any CPU
		{718A41C5-42E8-4E73-9FFB-F8A6A178B724}.Debug|Any CPU.Build.0 = Debug|Any CPU
		{718A41C5-42E8-4E73-9FFB-F8A6A178B724}.Release|Any CPU.ActiveCfg = Release|Any CPU
		{718A41C5-42E8-4E73-9FFB-F8A6A178B724}.Release|Any CPU.Build.0 = Release|Any CPU
	EndGlobalSection
	GlobalSection(SolutionProperties) = preSolution
		HideSolutionNode = FALSE
	EndGlobalSection
	GlobalSection(ExtensibilityGlobals) = postSolution
		SolutionGuid = {279B8E32-705F-4CAD-BD07-66860BE892FB}
	EndGlobalSection
EndGlobal
